<?xml version="1.0" encoding="utf-8"?>
<Project ToolsVersion="16.0" xmlns="http://schemas.microsoft.com/developer/msbuild/2003">
  <ItemGroup>
    <ClCompile Include="main.cpp" />
    <ClCompile Include="ui\imgui_demo.cpp">
      <Filter>Source Files</Filter>
    </ClCompile>
    <ClCompile Include="ui\imgui_draw.cpp">
      <Filter>Source Files</Filter>
    </ClCompile>
    <ClCompile Include="ui\imgui_impl_dx9.cpp">
      <Filter>Source Files</Filter>
    </ClCompile>
    <ClCompile Include="ui\imgui_impl_win32.cpp">
      <Filter>Source Files</Filter>
    </ClCompile>
    <ClCompile Include="ui\imgui_widgets.cpp">
      <Filter>Source Files</Filter>
    </ClCompile>
    <ClCompile Include="ui\imgui.cpp">
      <Filter>Source Files</Filter>
    </ClCompile>
    <ClCompile Include="ui\ui\c_ui_products.cpp">
      <Filter>Header Files</Filter>
    </ClCompile>
    <ClCompile Include="ui\ui\c_ui_slider_float.cpp">
      <Filter>Header Files</Filter>
    </ClCompile>
    <ClCompile Include="ui\ui\c_ui_slider_int.cpp">
      <Filter>Header Files</Filter>
    </ClCompile>
    <ClCompile Include="ui\ui\c_ui_spinner.cpp">
      <Filter>Header Files</Filter>
    </ClCompile>
    <ClCompile Include="ui\ui\c_ui_tab.cpp">
      <Filter>Header Files</Filter>
    </ClCompile>
    <ClCompile Include="ui\ui\c_ui_textbox.cpp">
      <Filter>Header Files</Filter>
    </ClCompile>
    <ClCompile Include="ui\ui\c_ui_window.cpp">
      <Filter>Header Files</Filter>
    </ClCompile>
    <ClCompile Include="ui\ui\c_ui.cpp">
      <Filter>Header Files</Filter>
    </ClCompile>
    <ClCompile Include="ui\ui\c_ui_button.cpp">
      <Filter>Header Files</Filter>
    </ClCompile>
    <ClCompile Include="ui\ui\c_ui_checkbox.cpp">
      <Filter>Header Files</Filter>
    </ClCompile>
    <ClCompile Include="ui\ui\c_ui_colorpicker.cpp">
      <Filter>Header Files</Filter>
    </ClCompile>
    <ClCompile Include="ui\ui\c_ui_dropdown.cpp">
      <Filter>Header Files</Filter>
    </ClCompile>
    <ClCompile Include="ui\ui\c_ui_element.cpp">
      <Filter>Header Files</Filter>
    </ClCompile>
    <ClCompile Include="ui\ui\c_ui_group.cpp">
      <Filter>Header Files</Filter>
    </ClCompile>
    <ClCompile Include="ui\ui\c_ui_hotkey.cpp">
      <Filter>Header Files</Filter>
    </ClCompile>
    <ClCompile Include="ui\ui\c_ui_label.cpp">
      <Filter>Header Files</Filter>
    </ClCompile>
    <ClCompile Include="ui\ui\c_ui_listbox.cpp">
      <Filter>Header Files</Filter>
    </ClCompile>
    <ClCompile Include="ui\ui\c_ui_multiselect.cpp">
      <Filter>Header Files</Filter>
    </ClCompile>
  </ItemGroup>
  <ItemGroup>
    <Filter Include="Header Files">
      <UniqueIdentifier>{E10CF704-8ACE-3399-B781-1D9A2EDC133B}</UniqueIdentifier>
    </Filter>
    <Filter Include="Source Files">
      <UniqueIdentifier>{FBD61DA5-FE51-3108-9443-E6538D4F372E}</UniqueIdentifier>
    </Filter>
  </ItemGroup>
  <ItemGroup>
    <ClInclude Include="ui\imgui.h">
      <Filter>Source Files</Filter>
    </ClInclude>
    <ClInclude Include="ui\imgui_impl_dx9.h">
      <Filter>Source Files</Filter>
    </ClInclude>
    <ClInclude Include="ui\imgui_impl_win32.h">
      <Filter>Source Files</Filter>
    </ClInclude>
    <ClInclude Include="ui\imgui_internal.h">
      <Filter>Source Files</Filter>
    </ClInclude>
    <ClInclude Include="ui\imstb_rectpack.h">
      <Filter>Source Files</Filter>
    </ClInclude>
    <ClInclude Include="ui\imstb_textedit.h">
      <Filter>Source Files</Filter>
    </ClInclude>
    <ClInclude Include="ui\imstb_truetype.h">
      <Filter>Source Files</Filter>
    </ClInclude>
    <ClInclude Include="ui\spinners.h">
      <Filter>Source Files</Filter>
    </ClInclude>
    <ClInclude Include="ui\font.h">
      <Filter>Source Files</Filter>
    </ClInclude>
    <ClInclude Include="ui\icons.h">
      <Filter>Source Files</Filter>
    </ClInclude>
    <ClInclude Include="ui\imconfig.h">
      <Filter>Source Files</Filter>
    </ClInclude>
    <ClInclude Include="ui\ui\c_ui_products.h">
      <Filter>Header Files</Filter>
    </ClInclude>
    <ClInclude Include="ui\ui\c_ui_slider_float.h">
      <Filter>Header Files</Filter>
    </ClInclude>
    <ClInclude Include="ui\ui\c_ui_slider_int.h">
      <Filter>Header Files</Filter>
    </ClInclude>
    <ClInclude Include="ui\ui\c_ui_spinner.h">
      <Filter>Header Files</Filter>
    </ClInclude>
    <ClInclude Include="ui\ui\c_ui_tab.h">
      <Filter>Header Files</Filter>
    </ClInclude>
    <ClInclude Include="ui\ui\c_ui_textbox.h">
      <Filter>Header Files</Filter>
    </ClInclude>
    <ClInclude Include="ui\ui\c_ui_window.h">
      <Filter>Header Files</Filter>
    </ClInclude>
    <ClInclude Include="ui\ui\c_ui.h">
      <Filter>Header Files</Filter>
    </ClInclude>
    <ClInclude Include="ui\ui\c_ui_button.h">
      <Filter>Header Files</Filter>
    </ClInclude>
    <ClInclude Include="ui\ui\c_ui_checkbox.h">
      <Filter>Header Files</Filter>
    </ClInclude>
    <ClInclude Include="ui\ui\c_ui_colorpicker.h">
      <Filter>Header Files</Filter>
    </ClInclude>
    <ClInclude Include="ui\ui\c_ui_dropdown.h">
      <Filter>Header Files</Filter>
    </ClInclude>
    <ClInclude Include="ui\ui\c_ui_element.h">
      <Filter>Header Files</Filter>
    </ClInclude>
    <ClInclude Include="ui\ui\c_ui_group.h">
      <Filter>Header Files</Filter>
    </ClInclude>
    <ClInclude Include="ui\ui\c_ui_hotkey.h">
      <Filter>Header Files</Filter>
    </ClInclude>
    <ClInclude Include="ui\ui\c_ui_label.h">
      <Filter>Header Files</Filter>
    </ClInclude>
    <ClInclude Include="ui\ui\c_ui_listbox.h">
      <Filter>Header Files</Filter>
    </ClInclude>
    <ClInclude Include="ui\ui\c_ui_multiselect.h">
      <Filter>Header Files</Filter>
    </ClInclude>
  </ItemGroup>
</Project>